github.com/aws/aws-lambda-go v1.54.0 h1:EGYpdyRGF88xszqlGcBewz811mJeRS+maNlLZXFheII=
github.com/aws/aws-lambda-go v1.54.0/go.mod h1:dpMpZgvWx5vuQJfBt0zqBha60q7Dd7RfgJv23DymV8A=
github.com/aws/aws-sdk-go-v2 v1.44.0 h1:4IbaHhtzy+4h37z4JQyO9a2QsiCml3CNYHtq5hIHigo=
github.com/aws/aws-sdk-go-v2 v1.44.0/go.mod h1:bttEH6JqnUL8LepvDVfdrds/fZ5bCIxzpe3abyUrhDU=
github.com/aws/aws-sdk-go-v2/config v1.32.40 h1:lAVC9gMmKusmqDRe32dPtgKl/BWvJmMJoWELKHCAObw=
github.com/aws/aws-sdk-go-v2/config v1.32.40/go.mod h1:8xOJLbe/hOj1g4PVsfJYV7O2byq+UGET1onDdUgbwqc=
github.com/aws/aws-sdk-go-v2/credentials v1.19.39 h1:XOg8LC3Kgnsa3WiPQjc7Bi8k5IBN92cPYfIV9XMFss0=
github.com/aws/aws-sdk-go-v2/credentials v1.19.39/go.mod h1:GonTDBQ+mTpCVNwaHjj0PagspfrYYMEqOx7FehoEP/I=
github.com/aws/aws-sdk-go-v2/feature/ec2/imds v1.18.40 h1:r5aGipEVgI9aT/tAGjdrPbDQvIAKdTrS3rUPQtG4Rmo=
github.com/aws/aws-sdk-go-v2/feature/ec2/imds v1.18.40/go.mod h1:vOD3CnPxAdkL6MWZeROkZsTlskklMFfgVFkHzx/oZpY=
github.com/aws/aws-sdk-go-v2/internal/configsources v1.4.40 h1:UIXlbijuB2XK1Kr57fo8iIxCuaSHJzwZ1uo+2tbEYIk=
github.com/aws/aws-sdk-go-v2/internal/configsources v1.4.40/go.mod h1:wcEsL6jscjZjVUinb0Q5qD/GXOG1yT3GNfmT9HuDwzU=
github.com/aws/aws-sdk-go-v2/internal/endpoints/v2 v2.7.40 h1:xLQVRDs2NddDmK9BEyh5KSlJ1Gpy5/GIJXrV6WcVGAE=
github.com/aws/aws-sdk-go-v2/internal/endpoints/v2 v2.7.40/go.mod h1:XRXnpFVFGLaEVK+olDdFIM1vNa04ETW452oFGEPUxAo=
github.com/aws/aws-sdk-go-v2/internal/v4a v1.4.41 h1:nv/ILuCY0yXACzMQwvtt/HbqDDjemZiI0AeDbxGQlnU=
github.com/aws/aws-sdk-go-v2/internal/v4a v1.4.41/go.mod h1:dzvOSpxaPqQ3j0xS6Lc1vyVuWW0RBj7s/QqYpzu3Q/0=
github.com/aws/aws-sdk-go-v2/service/ec2 v1.324.0 h1:A1hZCv8Ev0jc8o7pGqnjprJokn21pGmPWZrzPJ5Sp+E=
github.com/aws/aws-sdk-go-v2/service/ec2 v1.324.0/go.mod h1:6eOsONObU8u+Edct3ZmszxCTACyTeITJG7yPbbqp3L8=
github.com/aws/aws-sdk-go-v2/service/internal/accept-encoding v1.13.19 h1:bAdDl/HkGCcGPoe25ToSHEw23VIxt6CT5fLcg111BKg=
github.com/aws/aws-sdk-go-v2/service/internal/accept-encoding v1.13.19/go.mod h1:KaUzbLxv4CeSxh6ZCl9B4m7CuFenS8kUEaDs+f/DQr4=
github.com/aws/aws-sdk-go-v2/service/internal/presigned-url v1.13.40 h1:gr3Fw1cxZXNCdeo/lQ7isHEHzvHVM7z75qb2zW9aMjw=
github.com/aws/aws-sdk-go-v2/service/internal/presigned-url v1.13.40/go.mod h1:8z/9CmfnQhiuXD7Ykbcg4a/whSWsniE0ODSx9uwVzfk=
github.com/aws/aws-sdk-go-v2/service/rds v1.125.0 h1:63asLLFv2sXy0FxF8JGn2Z6pSaBcnUlrWcrt5Jn2wlI=
github.com/aws/aws-sdk-go-v2/service/rds v1.125.0/go.mod h1:FbKfq59EDNw8TdMNnpaas+I7QyijeiBYe2+9jb4tMV0=
github.com/aws/aws-sdk-go-v2/service/secretsmanager v1.45.0 h1:KcW5+R6G9umEsfcELr19Tn6/We1BpdOoONUMQ7lMWJY=
github.com/aws/aws-sdk-go-v2/service/secretsmanager v1.45.0/go.mod h1:m9S3oFZ/Gzfv2OhTWZlBOqWnF0U2UCHL2hD2z5egD94=
github.com/aws/aws-sdk-go-v2/service/signin v1.6.0 h1:agcr0j8YeFEzdXNo17Rg9MbbjLRjrimabwNtji4e+lU=
github.com/aws/aws-sdk-go-v2/service/signin v1.6.0/go.mod h1:qU5PxgQ4JiUOOMotzfO3+5oUda5W+8JDVKyLQqlrJik=
github.com/aws/aws-sdk-go-v2/service/ssm v1.74.0 h1:11o/Z2uQatZTTWrkwN4MMPjhcVGnVQtLra5Md1tSSq0=
github.com/aws/aws-sdk-go-v2/service/ssm v1.74.0/go.mod h1:uF4ifVWSlieuvF0ZSy9m6flJJojvWuEu80pJIO3UJ0U=
github.com/aws/aws-sdk-go-v2/service/sso v1.34.0 h1:FxaN8/sn61DTXNI6Gt678tFJUY8iUsCchm6Y/F/RjaA=
github.com/aws/aws-sdk-go-v2/service/sso v1.34.0/go.mod h1:vu4OY6s8LJtT8BtYG2LD6BGSZMptkYn3o5hvCPB22jc=
github.com/aws/aws-sdk-go-v2/service/ssooidc v1.39.0 h1:crWKPeGYTBTuBxQ3p73kjfJvt4brUIsr+Fuypko8FxY=
github.com/aws/aws-sdk-go-v2/service/ssooidc v1.39.0/go.mod h1:HjjZVhaBz0JBR/kbWKThmNDhFKS7y6EURuk493tJk9Y=
github.com/aws/aws-sdk-go-v2/service/sts v1.46.0 h1:IZ63JdogSNNjex/jsODNv7jGDcO/xJYd9FsgyfCsp1g=
github.com/aws/aws-sdk-go-v2/service/sts v1.46.0/go.mod h1:I+rwAf3spG5dITBaAo3xXRowk8kiOhtU1kYxfvCTC44=
github.com/aws/smithy-go v1.28.1 h1:R/nXH00c8qcfCzQVELtRw+eLQWtzv+VAIEFJ1/xxXlQ=
github.com/aws/smithy-go v1.28.1/go.mod h1:YE2RhdIuDbA5E5bTdciG9KrW3+TiEONeUWCqxX9i1Fc=
github.com/stretchr/objx v0.5.3 h1:jmXUvGomnU1o3W/V5h2VEradbpJDwGrzugQQvL0POH4=
github.com/stretchr/objx v0.5.3/go.mod h1:rDQraq+vQZU7Fde9LOZLr8Tax6zZvy4kuNKF+QYS+U0=
github.com/stretchr/testify v1.12.1 h1:EuwCh5fleGS7H32xRwO3wRGT7DxrDhLAT6FF8MpWDWE=
github.com/stretchr/testify v1.12.1/go.mod h1:MDEgiDPPsNp5cuIrHPPCyornHKgEVbtFUmoNlxoYthg=
github.com/tidwall/gjson v1.19.0 h1:xwxm7n691Uf3u5OFjzngavjGTh55KX5q/9w9xHW88JU=
github.com/tidwall/gjson v1.19.0/go.mod h1:V37/opeE/JbLUOfH0QTXiNez2l0RUjYUhpT4szFQAfc=
github.com/tidwall/match v1.1.1 h1:+Ho715JplO36QYgwN9PGYNhgZvoUSc9X2c80KVTi+GA=
github.com/tidwall/match v1.1.1/go.mod h1:eRSPERbgtNPcGhD8UCthc6PmLEQXEWd3PRB5JTxsfmM=
github.com/tidwall/pretty v1.2.0 h1:RWIZEg2iJ8/g6fDDYzMpobmaoGh5OLl4AXtGUGPcqCs=
github.com/tidwall/pretty v1.2.0/go.mod h1:ITEVvHYasfjBbM0u2Pg8T2nJnzm8xPwvNhhsoaGGjNU=
go.yaml.in/yaml/v3 v3.0.5 h1:N6y/pJk8buWs9NY5ERU2HSMfm+IuD/OtfdAnq6kESPw=
go.yaml.in/yaml/v3 v3.0.5/go.mod h1:HVTZu1O7/Vkt2N+BFy8Zza+lnLsABggaTM2ZpNIGuKg=
